
Microsoft Visual Studio Solution File, Format Version 12.00
# Visual Studio 14
VisualStudioVersion = 14.0.24720.0
MinimumVisualStudioVersion = 10.0.40219.1
Project("{8BC9CEB8-8B4A-11D0-8D11-00A0C91BC942}") = "vocal", "vocal\vocal.vcxproj", "{E02DA41D-41A5-4E45-9C9C-095678CC47BF}"
EndProject
Project("{8BC9CEB8-8B4A-11D0-8D11-00A0C91BC942}") = "vocalclient", "test\client\vocalclient.vcxproj", "{A61EBCE1-7331-418E-AAC8-94B818037408}"
EndProject
Project("{8BC9CEB8-8B4A-11D0-8D11-00A0C91BC942}") = "vocalserver", "test\server\vocalserver.vcxproj", "{15662FFC-AEF9-426A-A894-6E09DA9F2334}"
EndProject
Global
	GlobalSection(SolutionConfigurationPlatforms) = preSolution
		Debug|x86 = Debug|x86
		Release|x86 = Release|x86
	EndGlobalSection
	GlobalSection(ProjectConfigurationPlatforms) = postSolution
		{E02DA41D-41A5-4E45-9C9C-095678CC47BF}.Debug|x86.ActiveCfg = Debug|Win32
		{E02DA41D-41A5-4E45-9C9C-095678CC47BF}.Debug|x86.Build.0 = Debug|Win32
		{E02DA41D-41A5-4E45-9C9C-095678CC47BF}.Release|x86.ActiveCfg = Release|Win32
		{E02DA41D-41A5-4E45-9C9C-095678CC47BF}.Release|x86.Build.0 = Release|Win32
		{A61EBCE1-7331-418E-AAC8-94B818037408}.Debug|x86.ActiveCfg = Debug|Win32
		{A61EBCE1-7331-418E-AAC8-94B818037408}.Debug|x86.Build.0 = Debug|Win32
		{A61EBCE1-7331-418E-AAC8-94B818037408}.Release|x86.ActiveCfg = Release|Win32
		{A61EBCE1-7331-418E-AAC8-94B818037408}.Release|x86.Build.0 = Release|Win32
		{15662FFC-AEF9-426A-A894-6E09DA9F2334}.Debug|x86.ActiveCfg = Debug|Win32
		{15662FFC-AEF9-426A-A894-6E09DA9F2334}.Debug|x86.Build.0 = Debug|Win32
		{15662FFC-AEF9-426A-A894-6E09DA9F2334}.Release|x86.ActiveCfg = Release|Win32
		{15662FFC-AEF9-426A-A894-6E09DA9F2334}.Release|x86.Build.0 = Release|Win32
	EndGlobalSection
	GlobalSection(SolutionProperties) = preSolution
		HideSolutionNode = FALSE
	EndGlobalSection
EndGlobal
